
Microsoft Visual Studio Solution File, Format Version 12.00
# Visual Studio Version 17
VisualStudioVersion = 17.2.32630.192
MinimumVisualStudioVersion = 10.0.40219.1
Project("{FAE04EC0-301F-11D3-BF4B-00C04F79EFBC}") = "IdlePro.web", "IdlePro.web\IdlePro.web.csproj", "{A84014BB-4EE0-46EE-9475-652814D6E9BE}"
EndProject
Global
	GlobalSection(SolutionConfigurationPlatforms) = preSolution
		Debug|Any CPU = Debug|Any CPU
		Release|Any CPU = Release|Any CPU
	EndGlobalSection
	GlobalSection(ProjectConfigurationPlatforms) = postSolution
		{A84014BB-4EE0-46EE-9475-652814D6E9BE}.Debug|Any CPU.ActiveCfg = Debug|Any CPU
		{A84014BB-4EE0-46EE-9475-652814D6E9BE}.Debug|Any CPU.Build.0 = Debug|Any CPU
		{A84014BB-4EE0-46EE-9475-652814D6E9BE}.Release|Any CPU.ActiveCfg = Release|Any CPU
		{A84014BB-4EE0-46EE-9475-652814D6E9BE}.Release|Any CPU.Build.0 = Release|Any CPU
	EndGlobalSection
	GlobalSection(SolutionProperties) = preSolution
		HideSolutionNode = FALSE
	EndGlobalSection
	GlobalSection(ExtensibilityGlobals) = postSolution
		SolutionGuid = {65BBC1BD-9F1C-4E43-A456-E75B91A3BC6F}
	EndGlobalSection
EndGlobal
